{
  "version": 4,
  "terraform_version": "1.11.0",
  "serial": 365,
  "lineage": "d17d2890-b341-feea-ad11-f3f777547e1e",
  "outputs": {},
  "resources": [
    {
      "mode": "data",
      "type": "template_file",
      "name": "all_yml",
      "provider": "provider[\"registry.terraform.io/hashicorp/template\"]",
      "instances": [
        {
          "schema_version": 0,
          "attributes": {
            "filename": null,
            "id": "8f9f861b7e95d541f7f9c9fc40549b4922ff00bcca5da04dd1d0c6311c0cc58b",
            "rendered": "nginx_public_ip: \"54.219.10.169\"\r\nbastion_private_ip: \"10.0.1.57\"\r\nwebserver_private_ip: \"10.0.2.59\"\r\ncontrol_server_private_ip: \"10.0.1.38\"",
            "template": "nginx_public_ip: \"${nginx_public_ip}\"\r\nbastion_private_ip: \"${bastion_private_ip}\"\r\nwebserver_private_ip: \"${webserver_private_ip}\"\r\ncontrol_server_private_ip: \"${control_server_private_ip}\"",
            "vars": {
              "bastion_private_ip": "10.0.1.57",
              "control_server_private_ip": "10.0.1.38",
              "nginx_public_ip": "54.219.10.169",
              "webserver_private_ip": "10.0.2.59"
            }
          },
          "sensitive_attributes": []
        }
      ]
    },
    {
      "mode": "managed",
      "type": "aws_eip",
      "name": "nat_eip",
      "provider": "provider[\"registry.terraform.io/hashicorp/aws\"]",
      "instances": [
        {
          "schema_version": 0,
          "attributes": {
            "address": null,
            "allocation_id": "eipalloc-0fcbb3fec4f52eed9",
            "arn": "arn:aws:ec2:us-west-1:717279704110:elastic-ip/eipalloc-0fcbb3fec4f52eed9",
            "associate_with_private_ip": null,
            "association_id": "",
            "carrier_ip": "",
            "customer_owned_ip": "",
            "customer_owned_ipv4_pool": "",
            "domain": "vpc",
            "id": "eipalloc-0fcbb3fec4f52eed9",
            "instance": "",
            "ipam_pool_id": null,
            "network_border_group": "us-west-1",
            "network_interface": "",
            "private_dns": null,
            "private_ip": "",
            "ptr_record": "",
            "public_dns": "ec2-13-52-84-166.us-west-1.compute.amazonaws.com",
            "public_ip": "13.52.84.166",
            "public_ipv4_pool": "amazon",
            "tags": null,
            "tags_all": {},
            "timeouts": null,
            "vpc": true
          },
          "sensitive_attributes": [],
          "private": "eyJlMmJmYjczMC1lY2FhLTExZTYtOGY4OC0zNDM2M2JjN2M0YzAiOnsiZGVsZXRlIjoxODAwMDAwMDAwMDAsInJlYWQiOjkwMDAwMDAwMDAwMCwidXBkYXRlIjozMDAwMDAwMDAwMDB9fQ=="
        }
      ]
    },
    {
      "mode": "managed",
      "type": "aws_instance",
      "name": "bastion-server",
      "provider": "provider[\"registry.terraform.io/hashicorp/aws\"]",
      "instances": [
        {
          "schema_version": 1,
          "attributes": {
            "ami": "ami-07d2649d67dbe8900",
            "arn": "arn:aws:ec2:us-west-1:717279704110:instance/i-049f889de70166a30",
            "associate_public_ip_address": true,
            "availability_zone": "us-west-1a",
            "capacity_reservation_specification": [
              {
                "capacity_reservation_preference": "open",
                "capacity_reservation_target": []
              }
            ],
            "cpu_core_count": 1,
            "cpu_options": [
              {
                "amd_sev_snp": "",
                "core_count": 1,
                "threads_per_core": 1
              }
            ],
            "cpu_threads_per_core": 1,
            "credit_specification": [
              {
                "cpu_credits": "standard"
              }
            ],
            "disable_api_stop": false,
            "disable_api_termination": false,
            "ebs_block_device": [],
            "ebs_optimized": false,
            "enable_primary_ipv6": null,
            "enclave_options": [
              {
                "enabled": false
              }
            ],
            "ephemeral_block_device": [],
            "get_password_data": false,
            "hibernation": false,
            "host_id": "",
            "host_resource_group_arn": null,
            "iam_instance_profile": "",
            "id": "i-049f889de70166a30",
            "instance_initiated_shutdown_behavior": "stop",
            "instance_lifecycle": "",
            "instance_market_options": [],
            "instance_state": "running",
            "instance_type": "t2.micro",
            "ipv6_address_count": 0,
            "ipv6_addresses": [],
            "key_name": "bastion-key",
            "launch_template": [],
            "maintenance_options": [
              {
                "auto_recovery": "default"
              }
            ],
            "metadata_options": [
              {
                "http_endpoint": "enabled",
                "http_protocol_ipv6": "disabled",
                "http_put_response_hop_limit": 2,
                "http_tokens": "required",
                "instance_metadata_tags": "disabled"
              }
            ],
            "monitoring": false,
            "network_interface": [],
            "outpost_arn": "",
            "password_data": "",
            "placement_group": "",
            "placement_partition_number": 0,
            "primary_network_interface_id": "eni-0ec510fce7c9407c1",
            "private_dns": "ip-10-0-1-57.us-west-1.compute.internal",
            "private_dns_name_options": [
              {
                "enable_resource_name_dns_a_record": false,
                "enable_resource_name_dns_aaaa_record": false,
                "hostname_type": "ip-name"
              }
            ],
            "private_ip": "10.0.1.57",
            "public_dns": "ec2-13-57-179-16.us-west-1.compute.amazonaws.com",
            "public_ip": "13.57.179.16",
            "root_block_device": [
              {
                "delete_on_termination": true,
                "device_name": "/dev/sda1",
                "encrypted": false,
                "iops": 3000,
                "kms_key_id": "",
                "tags": {},
                "tags_all": {},
                "throughput": 125,
                "volume_id": "vol-019b362bd688087ec",
                "volume_size": 8,
                "volume_type": "gp3"
              }
            ],
            "secondary_private_ips": [],
            "security_groups": [],
            "source_dest_check": true,
            "spot_instance_request_id": "",
            "subnet_id": "subnet-0cfb02ebd8c28be7c",
            "tags": {
              "Name": "BastionHost"
            },
            "tags_all": {
              "Name": "BastionHost"
            },
            "tenancy": "default",
            "timeouts": null,
            "user_data": null,
            "user_data_base64": null,
            "user_data_replace_on_change": false,
            "volume_tags": null,
            "vpc_security_group_ids": [
              "sg-0cb8d4e8812dc229d"
            ]
          },
          "sensitive_attributes": [],
          "private": "eyJlMmJmYjczMC1lY2FhLTExZTYtOGY4OC0zNDM2M2JjN2M0YzAiOnsiY3JlYXRlIjo2MDAwMDAwMDAwMDAsImRlbGV0ZSI6MTIwMDAwMDAwMDAwMCwicmVhZCI6OTAwMDAwMDAwMDAwLCJ1cGRhdGUiOjYwMDAwMDAwMDAwMH0sInNjaGVtYV92ZXJzaW9uIjoiMSJ9",
          "dependencies": [
            "aws_security_group.bastion_sg",
            "aws_subnet.public_subnet",
            "aws_vpc.big_iron_vpc"
          ]
        }
      ]
    },
    {
      "mode": "managed",
      "type": "aws_instance",
      "name": "control-server",
      "provider": "provider[\"registry.terraform.io/hashicorp/aws\"]",
      "instances": [
        {
          "schema_version": 1,
          "attributes": {
            "ami": "ami-01eb4eefd88522422",
            "arn": "arn:aws:ec2:us-west-1:717279704110:instance/i-0765e52c4564c149c",
            "associate_public_ip_address": true,
            "availability_zone": "us-west-1a",
            "capacity_reservation_specification": [
              {
                "capacity_reservation_preference": "open",
                "capacity_reservation_target": []
              }
            ],
            "cpu_core_count": 1,
            "cpu_options": [
              {
                "amd_sev_snp": "",
                "core_count": 1,
                "threads_per_core": 1
              }
            ],
            "cpu_threads_per_core": 1,
            "credit_specification": [
              {
                "cpu_credits": "standard"
              }
            ],
            "disable_api_stop": false,
            "disable_api_termination": false,
            "ebs_block_device": [],
            "ebs_optimized": false,
            "enable_primary_ipv6": null,
            "enclave_options": [
              {
                "enabled": false
              }
            ],
            "ephemeral_block_device": [],
            "get_password_data": false,
            "hibernation": false,
            "host_id": "",
            "host_resource_group_arn": null,
            "iam_instance_profile": "",
            "id": "i-0765e52c4564c149c",
            "instance_initiated_shutdown_behavior": "stop",
            "instance_lifecycle": "",
            "instance_market_options": [],
            "instance_state": "running",
            "instance_type": "t2.micro",
            "ipv6_address_count": 0,
            "ipv6_addresses": [],
            "key_name": "control-server-key",
            "launch_template": [],
            "maintenance_options": [
              {
                "auto_recovery": "default"
              }
            ],
            "metadata_options": [
              {
                "http_endpoint": "enabled",
                "http_protocol_ipv6": "disabled",
                "http_put_response_hop_limit": 2,
                "http_tokens": "required",
                "instance_metadata_tags": "disabled"
              }
            ],
            "monitoring": false,
            "network_interface": [],
            "outpost_arn": "",
            "password_data": "",
            "placement_group": "",
            "placement_partition_number": 0,
            "primary_network_interface_id": "eni-05825e79503facf3b",
            "private_dns": "ip-10-0-1-38.us-west-1.compute.internal",
            "private_dns_name_options": [
              {
                "enable_resource_name_dns_a_record": false,
                "enable_resource_name_dns_aaaa_record": false,
                "hostname_type": "ip-name"
              }
            ],
            "private_ip": "10.0.1.38",
            "public_dns": "ec2-54-153-91-163.us-west-1.compute.amazonaws.com",
            "public_ip": "54.153.91.163",
            "root_block_device": [
              {
                "delete_on_termination": true,
                "device_name": "/dev/xvda",
                "encrypted": false,
                "iops": 3000,
                "kms_key_id": "",
                "tags": {},
                "tags_all": {},
                "throughput": 125,
                "volume_id": "vol-0413c434856e84a17",
                "volume_size": 8,
                "volume_type": "gp3"
              }
            ],
            "secondary_private_ips": [],
            "security_groups": [],
            "source_dest_check": true,
            "spot_instance_request_id": "",
            "subnet_id": "subnet-0cfb02ebd8c28be7c",
            "tags": {
              "Name": "ControlHost"
            },
            "tags_all": {
              "Name": "ControlHost"
            },
            "tenancy": "default",
            "timeouts": null,
            "user_data": "bb5bbdad244fe26046503f1e3684edf9f2857b2c",
            "user_data_base64": null,
            "user_data_replace_on_change": false,
            "volume_tags": null,
            "vpc_security_group_ids": [
              "sg-040122e1a644faa33"
            ]
          },
          "sensitive_attributes": [],
          "private": "eyJlMmJmYjczMC1lY2FhLTExZTYtOGY4OC0zNDM2M2JjN2M0YzAiOnsiY3JlYXRlIjo2MDAwMDAwMDAwMDAsImRlbGV0ZSI6MTIwMDAwMDAwMDAwMCwicmVhZCI6OTAwMDAwMDAwMDAwLCJ1cGRhdGUiOjYwMDAwMDAwMDAwMH0sInNjaGVtYV92ZXJzaW9uIjoiMSJ9",
          "dependencies": [
            "aws_security_group.control_sg",
            "aws_subnet.public_subnet",
            "aws_vpc.big_iron_vpc"
          ]
        }
      ]
    },
    {
      "mode": "managed",
      "type": "aws_instance",
      "name": "nginx-server",
      "provider": "provider[\"registry.terraform.io/hashicorp/aws\"]",
      "instances": [
        {
          "schema_version": 1,
          "attributes": {
            "ami": "ami-07d2649d67dbe8900",
            "arn": "arn:aws:ec2:us-west-1:717279704110:instance/i-0236248691046d961",
            "associate_public_ip_address": true,
            "availability_zone": "us-west-1a",
            "capacity_reservation_specification": [
              {
                "capacity_reservation_preference": "open",
                "capacity_reservation_target": []
              }
            ],
            "cpu_core_count": 1,
            "cpu_options": [
              {
                "amd_sev_snp": "",
                "core_count": 1,
                "threads_per_core": 1
              }
            ],
            "cpu_threads_per_core": 1,
            "credit_specification": [
              {
                "cpu_credits": "standard"
              }
            ],
            "disable_api_stop": false,
            "disable_api_termination": false,
            "ebs_block_device": [],
            "ebs_optimized": false,
            "enable_primary_ipv6": null,
            "enclave_options": [
              {
                "enabled": false
              }
            ],
            "ephemeral_block_device": [],
            "get_password_data": false,
            "hibernation": false,
            "host_id": "",
            "host_resource_group_arn": null,
            "iam_instance_profile": "",
            "id": "i-0236248691046d961",
            "instance_initiated_shutdown_behavior": "stop",
            "instance_lifecycle": "",
            "instance_market_options": [],
            "instance_state": "running",
            "instance_type": "t2.micro",
            "ipv6_address_count": 0,
            "ipv6_addresses": [],
            "key_name": "nginx-key",
            "launch_template": [],
            "maintenance_options": [
              {
                "auto_recovery": "default"
              }
            ],
            "metadata_options": [
              {
                "http_endpoint": "enabled",
                "http_protocol_ipv6": "disabled",
                "http_put_response_hop_limit": 2,
                "http_tokens": "required",
                "instance_metadata_tags": "disabled"
              }
            ],
            "monitoring": false,
            "network_interface": [],
            "outpost_arn": "",
            "password_data": "",
            "placement_group": "",
            "placement_partition_number": 0,
            "primary_network_interface_id": "eni-082624791236566c0",
            "private_dns": "ip-10-0-1-126.us-west-1.compute.internal",
            "private_dns_name_options": [
              {
                "enable_resource_name_dns_a_record": false,
                "enable_resource_name_dns_aaaa_record": false,
                "hostname_type": "ip-name"
              }
            ],
            "private_ip": "10.0.1.126",
            "public_dns": "ec2-54-219-10-169.us-west-1.compute.amazonaws.com",
            "public_ip": "54.219.10.169",
            "root_block_device": [
              {
                "delete_on_termination": true,
                "device_name": "/dev/sda1",
                "encrypted": false,
                "iops": 3000,
                "kms_key_id": "",
                "tags": {},
                "tags_all": {},
                "throughput": 125,
                "volume_id": "vol-0ed43fc963812e281",
                "volume_size": 8,
                "volume_type": "gp3"
              }
            ],
            "secondary_private_ips": [],
            "security_groups": [],
            "source_dest_check": true,
            "spot_instance_request_id": "",
            "subnet_id": "subnet-0cfb02ebd8c28be7c",
            "tags": {
              "Name": "nginxHost"
            },
            "tags_all": {
              "Name": "nginxHost"
            },
            "tenancy": "default",
            "timeouts": null,
            "user_data": null,
            "user_data_base64": null,
            "user_data_replace_on_change": false,
            "volume_tags": null,
            "vpc_security_group_ids": [
              "sg-070a1a37b8f56985a"
            ]
          },
          "sensitive_attributes": [],
          "private": "eyJlMmJmYjczMC1lY2FhLTExZTYtOGY4OC0zNDM2M2JjN2M0YzAiOnsiY3JlYXRlIjo2MDAwMDAwMDAwMDAsImRlbGV0ZSI6MTIwMDAwMDAwMDAwMCwicmVhZCI6OTAwMDAwMDAwMDAwLCJ1cGRhdGUiOjYwMDAwMDAwMDAwMH0sInNjaGVtYV92ZXJzaW9uIjoiMSJ9",
          "dependencies": [
            "aws_security_group.nginx_sg",
            "aws_subnet.public_subnet",
            "aws_vpc.big_iron_vpc"
          ]
        }
      ]
    },
    {
      "mode": "managed",
      "type": "aws_instance",
      "name": "web-server",
      "provider": "provider[\"registry.terraform.io/hashicorp/aws\"]",
      "instances": [
        {
          "schema_version": 1,
          "attributes": {
            "ami": "ami-0e614a6ae5310b145",
            "arn": "arn:aws:ec2:us-west-1:717279704110:instance/i-00e8243021a602419",
            "associate_public_ip_address": false,
            "availability_zone": "us-west-1a",
            "capacity_reservation_specification": [
              {
                "capacity_reservation_preference": "open",
                "capacity_reservation_target": []
              }
            ],
            "cpu_core_count": 1,
            "cpu_options": [
              {
                "amd_sev_snp": "",
                "core_count": 1,
                "threads_per_core": 1
              }
            ],
            "cpu_threads_per_core": 1,
            "credit_specification": [
              {
                "cpu_credits": "standard"
              }
            ],
            "disable_api_stop": false,
            "disable_api_termination": false,
            "ebs_block_device": [],
            "ebs_optimized": false,
            "enable_primary_ipv6": null,
            "enclave_options": [
              {
                "enabled": false
              }
            ],
            "ephemeral_block_device": [],
            "get_password_data": false,
            "hibernation": false,
            "host_id": "",
            "host_resource_group_arn": null,
            "iam_instance_profile": "",
            "id": "i-00e8243021a602419",
            "instance_initiated_shutdown_behavior": "stop",
            "instance_lifecycle": "",
            "instance_market_options": [],
            "instance_state": "running",
            "instance_type": "t2.micro",
            "ipv6_address_count": 0,
            "ipv6_addresses": [],
            "key_name": "web-server-key",
            "launch_template": [],
            "maintenance_options": [
              {
                "auto_recovery": "default"
              }
            ],
            "metadata_options": [
              {
                "http_endpoint": "enabled",
                "http_protocol_ipv6": "disabled",
                "http_put_response_hop_limit": 2,
                "http_tokens": "required",
                "instance_metadata_tags": "disabled"
              }
            ],
            "monitoring": false,
            "network_interface": [],
            "outpost_arn": "",
            "password_data": "",
            "placement_group": "",
            "placement_partition_number": 0,
            "primary_network_interface_id": "eni-0df886c36f78253be",
            "private_dns": "ip-10-0-2-59.us-west-1.compute.internal",
            "private_dns_name_options": [
              {
                "enable_resource_name_dns_a_record": false,
                "enable_resource_name_dns_aaaa_record": false,
                "hostname_type": "ip-name"
              }
            ],
            "private_ip": "10.0.2.59",
            "public_dns": "",
            "public_ip": "",
            "root_block_device": [
              {
                "delete_on_termination": true,
                "device_name": "/dev/sda1",
                "encrypted": false,
                "iops": 3000,
                "kms_key_id": "",
                "tags": {},
                "tags_all": {},
                "throughput": 125,
                "volume_id": "vol-094665107db157eea",
                "volume_size": 10,
                "volume_type": "gp3"
              }
            ],
            "secondary_private_ips": [],
            "security_groups": [],
            "source_dest_check": true,
            "spot_instance_request_id": "",
            "subnet_id": "subnet-07b8edf2aec130a65",
            "tags": {
              "Name": "serverHost"
            },
            "tags_all": {
              "Name": "serverHost"
            },
            "tenancy": "default",
            "timeouts": null,
            "user_data": null,
            "user_data_base64": null,
            "user_data_replace_on_change": false,
            "volume_tags": null,
            "vpc_security_group_ids": [
              "sg-0219bd238d683ac64"
            ]
          },
          "sensitive_attributes": [],
          "private": "eyJlMmJmYjczMC1lY2FhLTExZTYtOGY4OC0zNDM2M2JjN2M0YzAiOnsiY3JlYXRlIjo2MDAwMDAwMDAwMDAsImRlbGV0ZSI6MTIwMDAwMDAwMDAwMCwicmVhZCI6OTAwMDAwMDAwMDAwLCJ1cGRhdGUiOjYwMDAwMDAwMDAwMH0sInNjaGVtYV92ZXJzaW9uIjoiMSJ9",
          "dependencies": [
            "aws_security_group.bastion_sg",
            "aws_security_group.nginx_sg",
            "aws_security_group.web_sg",
            "aws_subnet.private_subnet",
            "aws_vpc.big_iron_vpc"
          ]
        }
      ]
    },
    {
      "mode": "managed",
      "type": "aws_internet_gateway",
      "name": "big_iron_igw",
      "provider": "provider[\"registry.terraform.io/hashicorp/aws\"]",
      "instances": [
        {
          "schema_version": 0,
          "attributes": {
            "arn": "arn:aws:ec2:us-west-1:717279704110:internet-gateway/igw-04146a9f099477070",
            "id": "igw-04146a9f099477070",
            "owner_id": "717279704110",
            "tags": {
              "Name": "BigIronInternetGateway"
            },
            "tags_all": {
              "Name": "BigIronInternetGateway"
            },
            "timeouts": null,
            "vpc_id": "vpc-003e94caf6c1020d4"
          },
          "sensitive_attributes": [],
          "private": "eyJlMmJmYjczMC1lY2FhLTExZTYtOGY4OC0zNDM2M2JjN2M0YzAiOnsiY3JlYXRlIjoxMjAwMDAwMDAwMDAwLCJkZWxldGUiOjEyMDAwMDAwMDAwMDAsInVwZGF0ZSI6MTIwMDAwMDAwMDAwMH19",
          "dependencies": [
            "aws_vpc.big_iron_vpc"
          ]
        }
      ]
    },
    {
      "mode": "managed",
      "type": "aws_key_pair",
      "name": "bastion_key",
      "provider": "provider[\"registry.terraform.io/hashicorp/aws\"]",
      "instances": [
        {
          "schema_version": 1,
          "attributes": {
            "arn": "arn:aws:ec2:us-west-1:717279704110:key-pair/bastion-key",
            "fingerprint": "2d:22:da:54:c0:d7:c1:83:99:e3:3a:07:0a:bd:32:28",
            "id": "bastion-key",
            "key_name": "bastion-key",
            "key_name_prefix": "",
            "key_pair_id": "key-07bd1aaddd1550ac9",
            "key_type": "rsa",
            "public_key": "ssh-rsa AAAAB3NzaC1yc2EAAAADAQABAAACAQCi6NVDnC6HPgdAcQ913LcyymJJ5EOSJo61dGsXOu5YuoUBVTt1VcU3acGRphyWE2JpHQKh7+GW0REMkzZMr0JFT2PMi9L5KvwAnFwV0tUE5LTA8kgDDipIuvja4H3QgCal3jtdG0Poi0mlj+GKiEMVpdd8Jv0Hek+O3Yi7RwbXfTKl2yMO7Cdp6n9RfKiBJ/70qQGt8OAK/Yot3aP3OWQGbJcrSWgbOQ/QkoKhmqH2bcdrqnmmnz9TAhSEUgQyu1iMjb8REEVxCcAL2GfR66/PQOPRT+rDOxVwXm+P+NAA3qsSC/N+5fLCndhiw48ZTWeBhi8Mxbvf676PtHtBE4Xtykl9RpTmnkTdKeOqjDllWrX5fkIyWwwAXtyryO2Oq7W2NfyviPsFVzszZquM+FqXYmWle6wlHEC9egx2nu6SnTjAqHgCBiR9Mf69w/a+73w28qc9dDJnvetYIug4REr6V601LFqb5XnLg5toQRj5iQ/H8P/yH+AssJiSslB3xtJ4cBh0HfY/tu5lbU+6jSV0tTT/ATVal37GKSBtiQ3riolJhW32ApH897hUEZhclj7yoSs1KJcqLkUPp2wKbP7jGfGUEkbPG8q4CmdwWy42vsaKl/ItO5nShxBtF7HdC5KBLVqiZIQs29u1yRYU8OD98N/oth4Sn3fp0AbBxTY9ow== Lenovo@DESKTOP-LN4L6JT",
            "tags": null,
            "tags_all": {}
          },
          "sensitive_attributes": [],
          "private": "eyJzY2hlbWFfdmVyc2lvbiI6IjEifQ=="
        }
      ]
    },
    {
      "mode": "managed",
      "type": "aws_key_pair",
      "name": "control_server_key",
      "provider": "provider[\"registry.terraform.io/hashicorp/aws\"]",
      "instances": [
        {
          "schema_version": 1,
          "attributes": {
            "arn": "arn:aws:ec2:us-west-1:717279704110:key-pair/control-server-key",
            "fingerprint": "12:dc:8f:d7:d8:e0:de:a7:6e:d3:b6:4f:07:bd:5e:dc",
            "id": "control-server-key",
            "key_name": "control-server-key",
            "key_name_prefix": "",
            "key_pair_id": "key-09d8eec89d56881d2",
            "key_type": "rsa",
            "public_key": "ssh-rsa AAAAB3NzaC1yc2EAAAADAQABAAACAQCynU2W/nNtEf+PcRh2V0GF3ZkSokIGZyVVMu//BiH/kXPeW7X6ZsLyHBNfzdi/+Soh/LJWxm67FbBpVaaOyds7TdejQLMZcymUxs1K+qCPKcem76GoTp+Vbd6Wx4l7lRyHONCM5V94uPZvM55BuR8+AA/y3nWDUI/WKzx7kWuSHei/EF5u7SD1kUfJOXDXz+7W3pDKtxfCkNxXY+v+X65nTGn1dcz1ywSORQDpj5dcjRYRdgUhdDl6OxMoEQ/V9ciYO6tZbks6qsVdwF543KEaU3xhogm0i0kFZPR4oWouzUret83bwJxsJnVXGMfEXQxu9oDXyjPGy/QlQ3WGGDogYaCAqRA5HvT1fYsF5hgeFX3dvPMJo5CXK2zBWXjClPmKGD2JNZ0nB886miG2BMdI08OC8IiWjWFyl7AlhHLCkxP3cCP8VXQpMTgrHXc2XfeC+Z5Lho+5a6/VYz3dZGaPGwTZAR7LgJt2TXLFlw2ez39rAsoO6DLkHxevz0RzrqvyKbFYXjI8Migh6BHX8Hf51pGFpLOOLyhd9TbNU0dOLDvQiOdW468FcJEgT3Qh3Xj63Zy0KAV3ABtNDx5rq+uWmBA49bYkjs3P5XsLCpA7fNjzNMqVzQjhoyHj8sNR1m6qRo4RLGRmIlzQC8AVbv70Kr0qQRltgSUK76uX5gRq3w== Lenovo@DESKTOP-LN4L6JT",
            "tags": null,
            "tags_all": {}
          },
          "sensitive_attributes": [],
          "private": "eyJzY2hlbWFfdmVyc2lvbiI6IjEifQ=="
        }
      ]
    },
    {
      "mode": "managed",
      "type": "aws_key_pair",
      "name": "nginx_key",
      "provider": "provider[\"registry.terraform.io/hashicorp/aws\"]",
      "instances": [
        {
          "schema_version": 1,
          "attributes": {
            "arn": "arn:aws:ec2:us-west-1:717279704110:key-pair/nginx-key",
            "fingerprint": "17:9e:bb:dc:6f:7f:ea:c4:66:ae:29:d7:ea:7c:41:7b",
            "id": "nginx-key",
            "key_name": "nginx-key",
            "key_name_prefix": "",
            "key_pair_id": "key-018a6a89e06e83eb4",
            "key_type": "rsa",
            "public_key": "ssh-rsa AAAAB3NzaC1yc2EAAAADAQABAAACAQCv4CkjDJs7URlDeTCFhvVRGT3/3fZ6CzTuw3HMSD0sbmjzL5s9PIHsj9fDqh8F0U1d5VDEvayGElwwUC3lyPpVXvWhaoljrUWnDsTHx7LNil9JoVuTD2TSy8+bP8wGfzcsYcOcNzhg91gdMTpXPm2n6SCCdn9MIa2HqA6khkblAljjsMwtzZkCwXIPs6ZnrFpMYUKoFJaYdfSEE/lTa49gJggwJeQh7DLi5WjP4Xc00s6TgMfvW5KaurYhE/6SmdSGhuWi77yPF8BItWHsDIyruchnmgeQhKCvMtYCADipZBbeDDrGXOWnVAJJfV+h3+vjcmXNnD7FLqtS9kotk7iuRYH9sESJ1AorYXN0FQyOOXlu8B9xMcZIvEXl3TwNYcsfG9FFQ37NJ+xp3YGD/mUkCC7eyck/E0e993B3TZS7FpzyLa/xAb6CzmLLajViwTfMvUhdi7IkUGgGcR3kJnMCvUdrcfaGUMrukxKwbD41ov4DT094iUupdG9J/UP3dsfBCfXWtQ9Lbu9GwGZNCaxpz9NVw1v35P/Wd8oOMNkKVkzNEavP1uPMD1NdE/tu/gCAhVmfNr826TNgMx4sab9Lvo/R7HtREkcOc3zfE6bdIlque6TayHiNfX2VLc6F7Yr3rnRtscA0YhOOOkXdO7/cR0UKI/6jNavTA96IU9cy5Q== Lenovo@DESKTOP-LN4L6JT",
            "tags": null,
            "tags_all": {}
          },
          "sensitive_attributes": [],
          "private": "eyJzY2hlbWFfdmVyc2lvbiI6IjEifQ=="
        }
      ]
    },
    {
      "mode": "managed",
      "type": "aws_key_pair",
      "name": "web_server_key",
      "provider": "provider[\"registry.terraform.io/hashicorp/aws\"]",
      "instances": [
        {
          "schema_version": 1,
          "attributes": {
            "arn": "arn:aws:ec2:us-west-1:717279704110:key-pair/web-server-key",
            "fingerprint": "63:69:97:d8:db:20:9a:7b:7b:14:d5:81:a0:1c:28:06",
            "id": "web-server-key",
            "key_name": "web-server-key",
            "key_name_prefix": "",
            "key_pair_id": "key-008e21ca29421dd73",
            "key_type": "rsa",
            "public_key": "ssh-rsa AAAAB3NzaC1yc2EAAAADAQABAAACAQDwrDu08CRfZhHvIGg6leHCJsLj1XqShWKBV1NbuNsIO1HmQRl/dsdUYTJKVDGW7UgoHkMBPVhBxPATMjXESdMw4adSusufmmH4tZoJRhwIbq/Hjfa9eHApzdXBac+7W407rRYZAONR/dAksXoWtpObeGDsX/w78QLERuojC1cLyJuPatpu6V0WRNiUK7SQtQ8lDaf5iO8LK/6uiXbd4T4Tt0vEldIHuU6GQNMU7wNkuaEiZBDvXdCdGVu9AxzUeDcXYq/PSWXQt+NUWBkaxFt1VlzB75QxO/JcV1jK4oWE4yCm3kHXdEg8uRsKS0JhDRz+ec8rS+KojpH3FrIx3pvbkGwxuO6wO5e9Yt7EDgOYLY/KoCqzOhcgvr51pqs/GSR/AXvP3Vc1ZCMhp9Qfr0ohOZDMRAZDdfrbeOrLg+frRfWywNZn2p0LUTucVIAMtA7gN2vJBuQA6C8a5Yx4FNoIommBrE8/tULquaoRPlyBMFL4i6lo9MNuxK/Sg18Z6YphXkCV1Ht7pfdH+At6wH22LfizuaNkny3W1bSJpi6nymU3iv4q/tbOJOcTyJN2YIbKIQIObaH1NIH1S46cyLYssNpDU6xJjbI32HbTqPP3Om2GvwJX6bui43Kjt32Jjkn8jlVcdFqjBK6XkvKHNwKNp8XEdiwdJNmjkckEVfh9vQ== Lenovo@DESKTOP-LN4L6JT",
            "tags": null,
            "tags_all": {}
          },
          "sensitive_attributes": [],
          "private": "eyJzY2hlbWFfdmVyc2lvbiI6IjEifQ=="
        }
      ]
    },
    {
      "mode": "managed",
      "type": "aws_nat_gateway",
      "name": "big_iron_ngw",
      "provider": "provider[\"registry.terraform.io/hashicorp/aws\"]",
      "instances": [
        {
          "schema_version": 0,
          "attributes": {
            "allocation_id": "eipalloc-0fcbb3fec4f52eed9",
            "association_id": "eipassoc-0cab864962d19a358",
            "connectivity_type": "public",
            "id": "nat-056756df1a8efc22d",
            "network_interface_id": "eni-018dfac1f1bcb22eb",
            "private_ip": "10.0.1.124",
            "public_ip": "13.52.84.166",
            "secondary_allocation_ids": null,
            "secondary_private_ip_address_count": 0,
            "secondary_private_ip_addresses": [],
            "subnet_id": "subnet-0cfb02ebd8c28be7c",
            "tags": {
              "Name": "BigIronNATGateway"
            },
            "tags_all": {
              "Name": "BigIronNATGateway"
            },
            "timeouts": null
          },
          "sensitive_attributes": [],
          "private": "eyJlMmJmYjczMC1lY2FhLTExZTYtOGY4OC0zNDM2M2JjN2M0YzAiOnsiY3JlYXRlIjo2MDAwMDAwMDAwMDAsImRlbGV0ZSI6MTgwMDAwMDAwMDAwMCwidXBkYXRlIjo2MDAwMDAwMDAwMDB9fQ==",
          "dependencies": [
            "aws_eip.nat_eip",
            "aws_subnet.public_subnet",
            "aws_vpc.big_iron_vpc"
          ]
        }
      ]
    },
    {
      "mode": "managed",
      "type": "aws_route_table",
      "name": "private_rt",
      "provider": "provider[\"registry.terraform.io/hashicorp/aws\"]",
      "instances": [
        {
          "schema_version": 0,
          "attributes": {
            "arn": "arn:aws:ec2:us-west-1:717279704110:route-table/rtb-0b23b5e3b51253135",
            "id": "rtb-0b23b5e3b51253135",
            "owner_id": "717279704110",
            "propagating_vgws": [],
            "route": [
              {
                "carrier_gateway_id": "",
                "cidr_block": "0.0.0.0/0",
                "core_network_arn": "",
                "destination_prefix_list_id": "",
                "egress_only_gateway_id": "",
                "gateway_id": "",
                "ipv6_cidr_block": "",
                "local_gateway_id": "",
                "nat_gateway_id": "nat-056756df1a8efc22d",
                "network_interface_id": "",
                "transit_gateway_id": "",
                "vpc_endpoint_id": "",
                "vpc_peering_connection_id": ""
              }
            ],
            "tags": {
              "Name": "PrivateRouteTable"
            },
            "tags_all": {
              "Name": "PrivateRouteTable"
            },
            "timeouts": null,
            "vpc_id": "vpc-003e94caf6c1020d4"
          },
          "sensitive_attributes": [],
          "private": "eyJlMmJmYjczMC1lY2FhLTExZTYtOGY4OC0zNDM2M2JjN2M0YzAiOnsiY3JlYXRlIjozMDAwMDAwMDAwMDAsImRlbGV0ZSI6MzAwMDAwMDAwMDAwLCJ1cGRhdGUiOjEyMDAwMDAwMDAwMH19",
          "dependencies": [
            "aws_eip.nat_eip",
            "aws_nat_gateway.big_iron_ngw",
            "aws_subnet.public_subnet",
            "aws_vpc.big_iron_vpc"
          ]
        }
      ]
    },
    {
      "mode": "managed",
      "type": "aws_route_table",
      "name": "public_rt",
      "provider": "provider[\"registry.terraform.io/hashicorp/aws\"]",
      "instances": [
        {
          "schema_version": 0,
          "attributes": {
            "arn": "arn:aws:ec2:us-west-1:717279704110:route-table/rtb-03423b3ef29daba51",
            "id": "rtb-03423b3ef29daba51",
            "owner_id": "717279704110",
            "propagating_vgws": [],
            "route": [
              {
                "carrier_gateway_id": "",
                "cidr_block": "0.0.0.0/0",
                "core_network_arn": "",
                "destination_prefix_list_id": "",
                "egress_only_gateway_id": "",
                "gateway_id": "igw-04146a9f099477070",
                "ipv6_cidr_block": "",
                "local_gateway_id": "",
                "nat_gateway_id": "",
                "network_interface_id": "",
                "transit_gateway_id": "",
                "vpc_endpoint_id": "",
                "vpc_peering_connection_id": ""
              }
            ],
            "tags": {
              "Name": "PublicRouteTable"
            },
            "tags_all": {
              "Name": "PublicRouteTable"
            },
            "timeouts": null,
            "vpc_id": "vpc-003e94caf6c1020d4"
          },
          "sensitive_attributes": [],
          "private": "eyJlMmJmYjczMC1lY2FhLTExZTYtOGY4OC0zNDM2M2JjN2M0YzAiOnsiY3JlYXRlIjozMDAwMDAwMDAwMDAsImRlbGV0ZSI6MzAwMDAwMDAwMDAwLCJ1cGRhdGUiOjEyMDAwMDAwMDAwMH19",
          "dependencies": [
            "aws_internet_gateway.big_iron_igw",
            "aws_vpc.big_iron_vpc"
          ]
        }
      ]
    },
    {
      "mode": "managed",
      "type": "aws_route_table_association",
      "name": "private_subnet_association",
      "provider": "provider[\"registry.terraform.io/hashicorp/aws\"]",
      "instances": [
        {
          "schema_version": 0,
          "attributes": {
            "gateway_id": "",
            "id": "rtbassoc-0f96d56b4cc6b68db",
            "route_table_id": "rtb-0b23b5e3b51253135",
            "subnet_id": "subnet-07b8edf2aec130a65",
            "timeouts": null
          },
          "sensitive_attributes": [],
          "private": "eyJlMmJmYjczMC1lY2FhLTExZTYtOGY4OC0zNDM2M2JjN2M0YzAiOnsiY3JlYXRlIjozMDAwMDAwMDAwMDAsImRlbGV0ZSI6MzAwMDAwMDAwMDAwLCJ1cGRhdGUiOjEyMDAwMDAwMDAwMH19",
          "dependencies": [
            "aws_eip.nat_eip",
            "aws_nat_gateway.big_iron_ngw",
            "aws_route_table.private_rt",
            "aws_subnet.private_subnet",
            "aws_subnet.public_subnet",
            "aws_vpc.big_iron_vpc"
          ]
        }
      ]
    },
    {
      "mode": "managed",
      "type": "aws_route_table_association",
      "name": "public_subnet_association",
      "provider": "provider[\"registry.terraform.io/hashicorp/aws\"]",
      "instances": [
        {
          "schema_version": 0,
          "attributes": {
            "gateway_id": "",
            "id": "rtbassoc-0dea6ee88e511478f",
            "route_table_id": "rtb-03423b3ef29daba51",
            "subnet_id": "subnet-0cfb02ebd8c28be7c",
            "timeouts": null
          },
          "sensitive_attributes": [],
          "private": "eyJlMmJmYjczMC1lY2FhLTExZTYtOGY4OC0zNDM2M2JjN2M0YzAiOnsiY3JlYXRlIjozMDAwMDAwMDAwMDAsImRlbGV0ZSI6MzAwMDAwMDAwMDAwLCJ1cGRhdGUiOjEyMDAwMDAwMDAwMH19",
          "dependencies": [
            "aws_internet_gateway.big_iron_igw",
            "aws_route_table.public_rt",
            "aws_subnet.public_subnet",
            "aws_vpc.big_iron_vpc"
          ]
        }
      ]
    },
    {
      "mode": "managed",
      "type": "aws_security_group",
      "name": "bastion_sg",
      "provider": "provider[\"registry.terraform.io/hashicorp/aws\"]",
      "instances": [
        {
          "schema_version": 1,
          "attributes": {
            "arn": "arn:aws:ec2:us-west-1:717279704110:security-group/sg-0cb8d4e8812dc229d",
            "description": "Managed by Terraform",
            "egress": [
              {
                "cidr_blocks": [
                  "0.0.0.0/0"
                ],
                "description": "",
                "from_port": 0,
                "ipv6_cidr_blocks": [],
                "prefix_list_ids": [],
                "protocol": "-1",
                "security_groups": [],
                "self": false,
                "to_port": 0
              }
            ],
            "id": "sg-0cb8d4e8812dc229d",
            "ingress": [
              {
                "cidr_blocks": [
                  "0.0.0.0/0"
                ],
                "description": "",
                "from_port": 22,
                "ipv6_cidr_blocks": [],
                "prefix_list_ids": [],
                "protocol": "tcp",
                "security_groups": [],
                "self": false,
                "to_port": 22
              }
            ],
            "name": "terraform-20250313193004404700000001",
            "name_prefix": "terraform-",
            "owner_id": "717279704110",
            "revoke_rules_on_delete": false,
            "tags": {
              "Name": "BastionSecurityGroup"
            },
            "tags_all": {
              "Name": "BastionSecurityGroup"
            },
            "timeouts": null,
            "vpc_id": "vpc-003e94caf6c1020d4"
          },
          "sensitive_attributes": [],
          "private": "eyJlMmJmYjczMC1lY2FhLTExZTYtOGY4OC0zNDM2M2JjN2M0YzAiOnsiY3JlYXRlIjo2MDAwMDAwMDAwMDAsImRlbGV0ZSI6OTAwMDAwMDAwMDAwfSwic2NoZW1hX3ZlcnNpb24iOiIxIn0=",
          "dependencies": [
            "aws_vpc.big_iron_vpc"
          ]
        }
      ]
    },
    {
      "mode": "managed",
      "type": "aws_security_group",
      "name": "control_sg",
      "provider": "provider[\"registry.terraform.io/hashicorp/aws\"]",
      "instances": [
        {
          "schema_version": 1,
          "attributes": {
            "arn": "arn:aws:ec2:us-west-1:717279704110:security-group/sg-040122e1a644faa33",
            "description": "Managed by Terraform",
            "egress": [
              {
                "cidr_blocks": [
                  "0.0.0.0/0"
                ],
                "description": "",
                "from_port": 0,
                "ipv6_cidr_blocks": [],
                "prefix_list_ids": [],
                "protocol": "-1",
                "security_groups": [],
                "self": false,
                "to_port": 0
              }
            ],
            "id": "sg-040122e1a644faa33",
            "ingress": [
              {
                "cidr_blocks": [
                  "0.0.0.0/0"
                ],
                "description": "",
                "from_port": 22,
                "ipv6_cidr_blocks": [],
                "prefix_list_ids": [],
                "protocol": "tcp",
                "security_groups": [],
                "self": false,
                "to_port": 22
              }
            ],
            "name": "terraform-20250313193004404700000002",
            "name_prefix": "terraform-",
            "owner_id": "717279704110",
            "revoke_rules_on_delete": false,
            "tags": {
              "Name": "ControlServerSecurityGroup"
            },
            "tags_all": {
              "Name": "ControlServerSecurityGroup"
            },
            "timeouts": null,
            "vpc_id": "vpc-003e94caf6c1020d4"
          },
          "sensitive_attributes": [],
          "private": "eyJlMmJmYjczMC1lY2FhLTExZTYtOGY4OC0zNDM2M2JjN2M0YzAiOnsiY3JlYXRlIjo2MDAwMDAwMDAwMDAsImRlbGV0ZSI6OTAwMDAwMDAwMDAwfSwic2NoZW1hX3ZlcnNpb24iOiIxIn0=",
          "dependencies": [
            "aws_vpc.big_iron_vpc"
          ]
        }
      ]
    },
    {
      "mode": "managed",
      "type": "aws_security_group",
      "name": "nginx_sg",
      "provider": "provider[\"registry.terraform.io/hashicorp/aws\"]",
      "instances": [
        {
          "schema_version": 1,
          "attributes": {
            "arn": "arn:aws:ec2:us-west-1:717279704110:security-group/sg-070a1a37b8f56985a",
            "description": "Managed by Terraform",
            "egress": [
              {
                "cidr_blocks": [
                  "0.0.0.0/0"
                ],
                "description": "",
                "from_port": 0,
                "ipv6_cidr_blocks": [],
                "prefix_list_ids": [],
                "protocol": "-1",
                "security_groups": [],
                "self": false,
                "to_port": 0
              }
            ],
            "id": "sg-070a1a37b8f56985a",
            "ingress": [
              {
                "cidr_blocks": [
                  "0.0.0.0/0"
                ],
                "description": "",
                "from_port": 22,
                "ipv6_cidr_blocks": [],
                "prefix_list_ids": [],
                "protocol": "tcp",
                "security_groups": [],
                "self": false,
                "to_port": 22
              },
              {
                "cidr_blocks": [
                  "0.0.0.0/0"
                ],
                "description": "",
                "from_port": 80,
                "ipv6_cidr_blocks": [],
                "prefix_list_ids": [],
                "protocol": "tcp",
                "security_groups": [],
                "self": false,
                "to_port": 80
              }
            ],
            "name": "terraform-20250313193004405400000003",
            "name_prefix": "terraform-",
            "owner_id": "717279704110",
            "revoke_rules_on_delete": false,
            "tags": {
              "Name": "NginxSecurityGroup"
            },
            "tags_all": {
              "Name": "NginxSecurityGroup"
            },
            "timeouts": null,
            "vpc_id": "vpc-003e94caf6c1020d4"
          },
          "sensitive_attributes": [],
          "private": "eyJlMmJmYjczMC1lY2FhLTExZTYtOGY4OC0zNDM2M2JjN2M0YzAiOnsiY3JlYXRlIjo2MDAwMDAwMDAwMDAsImRlbGV0ZSI6OTAwMDAwMDAwMDAwfSwic2NoZW1hX3ZlcnNpb24iOiIxIn0=",
          "dependencies": [
            "aws_vpc.big_iron_vpc"
          ]
        }
      ]
    },
    {
      "mode": "managed",
      "type": "aws_security_group",
      "name": "web_sg",
      "provider": "provider[\"registry.terraform.io/hashicorp/aws\"]",
      "instances": [
        {
          "schema_version": 1,
          "attributes": {
            "arn": "arn:aws:ec2:us-west-1:717279704110:security-group/sg-0219bd238d683ac64",
            "description": "Managed by Terraform",
            "egress": [
              {
                "cidr_blocks": [
                  "0.0.0.0/0"
                ],
                "description": "",
                "from_port": 0,
                "ipv6_cidr_blocks": [],
                "prefix_list_ids": [],
                "protocol": "-1",
                "security_groups": [],
                "self": false,
                "to_port": 0
              }
            ],
            "id": "sg-0219bd238d683ac64",
            "ingress": [
              {
                "cidr_blocks": [],
                "description": "",
                "from_port": 22,
                "ipv6_cidr_blocks": [],
                "prefix_list_ids": [],
                "protocol": "tcp",
                "security_groups": [
                  "sg-0cb8d4e8812dc229d"
                ],
                "self": false,
                "to_port": 22
              },
              {
                "cidr_blocks": [],
                "description": "",
                "from_port": 80,
                "ipv6_cidr_blocks": [],
                "prefix_list_ids": [],
                "protocol": "tcp",
                "security_groups": [
                  "sg-070a1a37b8f56985a"
                ],
                "self": false,
                "to_port": 80
              }
            ],
            "name": "terraform-20250313193008977800000005",
            "name_prefix": "terraform-",
            "owner_id": "717279704110",
            "revoke_rules_on_delete": false,
            "tags": {
              "Name": "WebServerSecurityGroup"
            },
            "tags_all": {
              "Name": "WebServerSecurityGroup"
            },
            "timeouts": null,
            "vpc_id": "vpc-003e94caf6c1020d4"
          },
          "sensitive_attributes": [],
          "private": "eyJlMmJmYjczMC1lY2FhLTExZTYtOGY4OC0zNDM2M2JjN2M0YzAiOnsiY3JlYXRlIjo2MDAwMDAwMDAwMDAsImRlbGV0ZSI6OTAwMDAwMDAwMDAwfSwic2NoZW1hX3ZlcnNpb24iOiIxIn0=",
          "dependencies": [
            "aws_security_group.bastion_sg",
            "aws_security_group.nginx_sg",
            "aws_vpc.big_iron_vpc"
          ]
        }
      ]
    },
    {
      "mode": "managed",
      "type": "aws_subnet",
      "name": "private_subnet",
      "provider": "provider[\"registry.terraform.io/hashicorp/aws\"]",
      "instances": [
        {
          "schema_version": 1,
          "attributes": {
            "arn": "arn:aws:ec2:us-west-1:717279704110:subnet/subnet-07b8edf2aec130a65",
            "assign_ipv6_address_on_creation": false,
            "availability_zone": "us-west-1a",
            "availability_zone_id": "usw1-az1",
            "cidr_block": "10.0.2.0/24",
            "customer_owned_ipv4_pool": "",
            "enable_dns64": false,
            "enable_lni_at_device_index": 0,
            "enable_resource_name_dns_a_record_on_launch": false,
            "enable_resource_name_dns_aaaa_record_on_launch": false,
            "id": "subnet-07b8edf2aec130a65",
            "ipv6_cidr_block": "",
            "ipv6_cidr_block_association_id": "",
            "ipv6_native": false,
            "map_customer_owned_ip_on_launch": false,
            "map_public_ip_on_launch": false,
            "outpost_arn": "",
            "owner_id": "717279704110",
            "private_dns_hostname_type_on_launch": "ip-name",
            "tags": {
              "Name": "PrivateSubnet"
            },
            "tags_all": {
              "Name": "PrivateSubnet"
            },
            "timeouts": null,
            "vpc_id": "vpc-003e94caf6c1020d4"
          },
          "sensitive_attributes": [],
          "private": "eyJlMmJmYjczMC1lY2FhLTExZTYtOGY4OC0zNDM2M2JjN2M0YzAiOnsiY3JlYXRlIjo2MDAwMDAwMDAwMDAsImRlbGV0ZSI6MTIwMDAwMDAwMDAwMH0sInNjaGVtYV92ZXJzaW9uIjoiMSJ9",
          "dependencies": [
            "aws_vpc.big_iron_vpc"
          ]
        }
      ]
    },
    {
      "mode": "managed",
      "type": "aws_subnet",
      "name": "public_subnet",
      "provider": "provider[\"registry.terraform.io/hashicorp/aws\"]",
      "instances": [
        {
          "schema_version": 1,
          "attributes": {
            "arn": "arn:aws:ec2:us-west-1:717279704110:subnet/subnet-0cfb02ebd8c28be7c",
            "assign_ipv6_address_on_creation": false,
            "availability_zone": "us-west-1a",
            "availability_zone_id": "usw1-az1",
            "cidr_block": "10.0.1.0/24",
            "customer_owned_ipv4_pool": "",
            "enable_dns64": false,
            "enable_lni_at_device_index": 0,
            "enable_resource_name_dns_a_record_on_launch": false,
            "enable_resource_name_dns_aaaa_record_on_launch": false,
            "id": "subnet-0cfb02ebd8c28be7c",
            "ipv6_cidr_block": "",
            "ipv6_cidr_block_association_id": "",
            "ipv6_native": false,
            "map_customer_owned_ip_on_launch": false,
            "map_public_ip_on_launch": true,
            "outpost_arn": "",
            "owner_id": "717279704110",
            "private_dns_hostname_type_on_launch": "ip-name",
            "tags": {
              "Name": "PublicSubnet"
            },
            "tags_all": {
              "Name": "PublicSubnet"
            },
            "timeouts": null,
            "vpc_id": "vpc-003e94caf6c1020d4"
          },
          "sensitive_attributes": [],
          "private": "eyJlMmJmYjczMC1lY2FhLTExZTYtOGY4OC0zNDM2M2JjN2M0YzAiOnsiY3JlYXRlIjo2MDAwMDAwMDAwMDAsImRlbGV0ZSI6MTIwMDAwMDAwMDAwMH0sInNjaGVtYV92ZXJzaW9uIjoiMSJ9",
          "dependencies": [
            "aws_vpc.big_iron_vpc"
          ]
        }
      ]
    },
    {
      "mode": "managed",
      "type": "aws_vpc",
      "name": "big_iron_vpc",
      "provider": "provider[\"registry.terraform.io/hashicorp/aws\"]",
      "instances": [
        {
          "schema_version": 1,
          "attributes": {
            "arn": "arn:aws:ec2:us-west-1:717279704110:vpc/vpc-003e94caf6c1020d4",
            "assign_generated_ipv6_cidr_block": false,
            "cidr_block": "10.0.0.0/16",
            "default_network_acl_id": "acl-0973552fe0eac8372",
            "default_route_table_id": "rtb-0f627102788aa513d",
            "default_security_group_id": "sg-00ac6c5aed62ea32d",
            "dhcp_options_id": "dopt-0a83b2ef1263b8037",
            "enable_dns_hostnames": true,
            "enable_dns_support": true,
            "enable_network_address_usage_metrics": false,
            "id": "vpc-003e94caf6c1020d4",
            "instance_tenancy": "default",
            "ipv4_ipam_pool_id": null,
            "ipv4_netmask_length": null,
            "ipv6_association_id": "",
            "ipv6_cidr_block": "",
            "ipv6_cidr_block_network_border_group": "",
            "ipv6_ipam_pool_id": "",
            "ipv6_netmask_length": 0,
            "main_route_table_id": "rtb-0f627102788aa513d",
            "owner_id": "717279704110",
            "tags": {
              "Name": "BigIronVPC"
            },
            "tags_all": {
              "Name": "BigIronVPC"
            }
          },
          "sensitive_attributes": [],
          "private": "eyJzY2hlbWFfdmVyc2lvbiI6IjEifQ=="
        }
      ]
    },
    {
      "mode": "managed",
      "type": "local_file",
      "name": "ansible_group_vars_all",
      "provider": "provider[\"registry.terraform.io/hashicorp/local\"]",
      "instances": [
        {
          "schema_version": 0,
          "attributes": {
            "content": "nginx_public_ip: \"54.219.10.169\"\r\nbastion_private_ip: \"10.0.1.57\"\r\nwebserver_private_ip: \"10.0.2.59\"\r\ncontrol_server_private_ip: \"10.0.1.38\"",
            "content_base64": null,
            "content_base64sha256": "j5+GG36V1UH3+cn8QFSbSSL/ALzKXaBN0dDGMRwMxYs=",
            "content_base64sha512": "/19O+Le+eswHCPJLpoHJSk/maxX7TL1DqT2D+moeqfsp75Inj9dlw6+2mWwQCPE3KWi0dA7KsDavUalK61II7Q==",
            "content_md5": "53614cef165f031dd9197180aadba953",
            "content_sha1": "4096193c02c76905d4d166c832431f926081331a",
            "content_sha256": "8f9f861b7e95d541f7f9c9fc40549b4922ff00bcca5da04dd1d0c6311c0cc58b",
            "content_sha512": "ff5f4ef8b7be7acc0708f24ba681c94a4fe66b15fb4cbd43a93d83fa6a1ea9fb29ef92278fd765c3afb6996c1008f1372968b4740ecab036af51a94aeb5208ed",
            "directory_permission": "0777",
            "file_permission": "0777",
            "filename": "./ansible_files/group_vars/all.yml",
            "id": "4096193c02c76905d4d166c832431f926081331a",
            "sensitive_content": null,
            "source": null
          },
          "sensitive_attributes": [
            [
              {
                "type": "get_attr",
                "value": "sensitive_content"
              }
            ]
          ],
          "dependencies": [
            "aws_instance.bastion-server",
            "aws_instance.control-server",
            "aws_instance.nginx-server",
            "aws_instance.web-server",
            "aws_security_group.bastion_sg",
            "aws_security_group.control_sg",
            "aws_security_group.nginx_sg",
            "aws_security_group.web_sg",
            "aws_subnet.private_subnet",
            "aws_subnet.public_subnet",
            "aws_vpc.big_iron_vpc",
            "data.template_file.all_yml"
          ]
        }
      ]
    }
  ],
  "check_results": null
}
